
Microsoft Visual Studio Solution File, Format Version 12.00
# Visual Studio Version 17
VisualStudioVersion = 17.9.34723.18
MinimumVisualStudioVersion = 10.0.40219.1
Project("{FAE04EC0-301F-11D3-BF4B-00C04F79EFBC}") = "JarvisChat", "..\..\..\Desktop\Programming\JarvisChat\JarvisChat.csproj", "{DB95DC5C-D051-C215-65E3-6604820F0260}"
EndProject
Global
	GlobalSection(SolutionConfigurationPlatforms) = preSolution
		Debug|Any CPU = Debug|Any CPU
		Release|Any CPU = Release|Any CPU
	EndGlobalSection
	GlobalSection(ProjectConfigurationPlatforms) = postSolution
		{DB95DC5C-D051-C215-65E3-6604820F0260}.Debug|Any CPU.ActiveCfg = Debug|Any CPU
		{DB95DC5C-D051-C215-65E3-6604820F0260}.Debug|Any CPU.Build.0 = Debug|Any CPU
		{DB95DC5C-D051-C215-65E3-6604820F0260}.Release|Any CPU.ActiveCfg = Release|Any CPU
		{DB95DC5C-D051-C215-65E3-6604820F0260}.Release|Any CPU.Build.0 = Release|Any CPU
	EndGlobalSection
	GlobalSection(SolutionProperties) = preSolution
		HideSolutionNode = FALSE
	EndGlobalSection
	GlobalSection(ExtensibilityGlobals) = postSolution
		SolutionGuid = {C164F916-BBC0-46D3-BDE0-7BE49BF0EC3F}
	EndGlobalSection
EndGlobal
